
Microsoft Visual Studio Solution File, Format Version 12.00
# Visual Studio Version 16
VisualStudioVersion = 16.0.31025.194
MinimumVisualStudioVersion = 10.0.40219.1
Project("{FAE04EC0-301F-11D3-BF4B-00C04F79EFBC}") = "CoreAndProducts", "CoreAndProducts\CoreAndProducts.csproj", "{3CFB9DF5-5EF8-48CC-AA91-1B1BA401DD0A}"
EndProject
Global
	GlobalSection(SolutionConfigurationPlatforms) = preSolution
		Debug|Any CPU = Debug|Any CPU
		Release|Any CPU = Release|Any CPU
	EndGlobalSection
	GlobalSection(ProjectConfigurationPlatforms) = postSolution
		{3CFB9DF5-5EF8-48CC-AA91-1B1BA401DD0A}.Debug|Any CPU.ActiveCfg = Debug|Any CPU
		{3CFB9DF5-5EF8-48CC-AA91-1B1BA401DD0A}.Debug|Any CPU.Build.0 = Debug|Any CPU
		{3CFB9DF5-5EF8-48CC-AA91-1B1BA401DD0A}.Release|Any CPU.ActiveCfg = Release|Any CPU
		{3CFB9DF5-5EF8-48CC-AA91-1B1BA401DD0A}.Release|Any CPU.Build.0 = Release|Any CPU
	EndGlobalSection
	GlobalSection(SolutionProperties) = preSolution
		HideSolutionNode = FALSE
	EndGlobalSection
	GlobalSection(ExtensibilityGlobals) = postSolution
		SolutionGuid = {7B87C5F1-C223-41B0-B048-1F9317A07B76}
	EndGlobalSection
EndGlobal
